
Microsoft Visual Studio Solution File, Format Version 12.00
# Visual Studio Version 17
VisualStudioVersion = 17.1.32414.318
MinimumVisualStudioVersion = 10.0.40219.1
Project("{FAE04EC0-301F-11D3-BF4B-00C04F79EFBC}") = "AlphaXInventory", "AlphaXInventory\AlphaXInventory.csproj", "{ABABA632-6B79-420A-A8EC-178CCBDFADEE}"
EndProject
Global
	GlobalSection(SolutionConfigurationPlatforms) = preSolution
		Debug|Any CPU = Debug|Any CPU
		Release|Any CPU = Release|Any CPU
	EndGlobalSection
	GlobalSection(ProjectConfigurationPlatforms) = postSolution
		{ABABA632-6B79-420A-A8EC-178CCBDFADEE}.Debug|Any CPU.ActiveCfg = Debug|Any CPU
		{ABABA632-6B79-420A-A8EC-178CCBDFADEE}.Debug|Any CPU.Build.0 = Debug|Any CPU
		{ABABA632-6B79-420A-A8EC-178CCBDFADEE}.Release|Any CPU.ActiveCfg = Release|Any CPU
		{ABABA632-6B79-420A-A8EC-178CCBDFADEE}.Release|Any CPU.Build.0 = Release|Any CPU
	EndGlobalSection
	GlobalSection(SolutionProperties) = preSolution
		HideSolutionNode = FALSE
	EndGlobalSection
	GlobalSection(ExtensibilityGlobals) = postSolution
		SolutionGuid = {A909D9E3-686E-4212-9E41-6CB1C47C860F}
	EndGlobalSection
EndGlobal
